
Microsoft Visual Studio Solution File, Format Version 12.00
# Visual Studio 15
VisualStudioVersion = 15.0.28307.1082
MinimumVisualStudioVersion = 10.0.40219.1
Project("{FAE04EC0-301F-11D3-BF4B-00C04F79EFBC}") = "SportsStore", "SportsStore\SportsStore.csproj", "{F4D5118A-C1BF-4C5F-BC5D-6D50B88EA9EA}"
EndProject
Project("{FAE04EC0-301F-11D3-BF4B-00C04F79EFBC}") = "SportsStore.Tests", "SportsStore.Tests\SportsStore.Tests.csproj", "{925DB9EF-81FB-4397-B3A9-0C49A7D92587}"
EndProject
Global
	GlobalSection(SolutionConfigurationPlatforms) = preSolution
		Debug|Any CPU = Debug|Any CPU
		Release|Any CPU = Release|Any CPU
	EndGlobalSection
	GlobalSection(ProjectConfigurationPlatforms) = postSolution
		{F4D5118A-C1BF-4C5F-BC5D-6D50B88EA9EA}.Debug|Any CPU.ActiveCfg = Debug|Any CPU
		{F4D5118A-C1BF-4C5F-BC5D-6D50B88EA9EA}.Debug|Any CPU.Build.0 = Debug|Any CPU
		{F4D5118A-C1BF-4C5F-BC5D-6D50B88EA9EA}.Release|Any CPU.ActiveCfg = Release|Any CPU
		{F4D5118A-C1BF-4C5F-BC5D-6D50B88EA9EA}.Release|Any CPU.Build.0 = Release|Any CPU
		{925DB9EF-81FB-4397-B3A9-0C49A7D92587}.Debug|Any CPU.ActiveCfg = Debug|Any CPU
		{925DB9EF-81FB-4397-B3A9-0C49A7D92587}.Debug|Any CPU.Build.0 = Debug|Any CPU
		{925DB9EF-81FB-4397-B3A9-0C49A7D92587}.Release|Any CPU.ActiveCfg = Release|Any CPU
		{925DB9EF-81FB-4397-B3A9-0C49A7D92587}.Release|Any CPU.Build.0 = Release|Any CPU
	EndGlobalSection
	GlobalSection(SolutionProperties) = preSolution
		HideSolutionNode = FALSE
	EndGlobalSection
	GlobalSection(ExtensibilityGlobals) = postSolution
		SolutionGuid = {021AFEE5-9452-43BC-8504-3D1CBEEAEF19}
	EndGlobalSection
EndGlobal
